
Microsoft Visual Studio Solution File, Format Version 12.00
# Visual Studio Version 17
VisualStudioVersion = 17.13.35919.96 d17.13
MinimumVisualStudioVersion = 10.0.40219.1
Project("{FAE04EC0-301F-11D3-BF4B-00C04F79EFBC}") = "Dsw2025Ej14.Api", "Dsw2025Ej14.Api\Dsw2025Ej14.Api.csproj", "{01C77123-4FE2-4D0D-9711-D982B6850728}"
EndProject
Global
	GlobalSection(SolutionConfigurationPlatforms) = preSolution
		Debug|Any CPU = Debug|Any CPU
		Release|Any CPU = Release|Any CPU
	EndGlobalSection
	GlobalSection(ProjectConfigurationPlatforms) = postSolution
		{01C77123-4FE2-4D0D-9711-D982B6850728}.Debug|Any CPU.ActiveCfg = Debug|Any CPU
		{01C77123-4FE2-4D0D-9711-D982B6850728}.Debug|Any CPU.Build.0 = Debug|Any CPU
		{01C77123-4FE2-4D0D-9711-D982B6850728}.Release|Any CPU.ActiveCfg = Release|Any CPU
		{01C77123-4FE2-4D0D-9711-D982B6850728}.Release|Any CPU.Build.0 = Release|Any CPU
	EndGlobalSection
	GlobalSection(SolutionProperties) = preSolution
		HideSolutionNode = FALSE
	EndGlobalSection
	GlobalSection(ExtensibilityGlobals) = postSolution
		SolutionGuid = {E509CC11-E7D8-4B54-B58F-0CBAD9DFC1B7}
	EndGlobalSection
EndGlobal
